
Microsoft Visual Studio Solution File, Format Version 12.00
# Visual Studio 15
VisualStudioVersion = 15.0.27703.2042
MinimumVisualStudioVersion = 10.0.40219.1
Project("{FAE04EC0-301F-11D3-BF4B-00C04F79EFBC}") = "VIDSProject", "VIDSProject\VIDSProject.csproj", "{39634CD9-6F4D-4BDC-BE22-A440A35E1AEB}"
EndProject
Project("{FAE04EC0-301F-11D3-BF4B-00C04F79EFBC}") = "VIDSProjectTests", "VIDSProjectTests\VIDSProjectTests.csproj", "{1DAA5A9C-65BB-49C2-8F64-041DE5E87572}"
EndProject
Global
	GlobalSection(SolutionConfigurationPlatforms) = preSolution
		Debug|Any CPU = Debug|Any CPU
		Release|Any CPU = Release|Any CPU
	EndGlobalSection
	GlobalSection(ProjectConfigurationPlatforms) = postSolution
		{39634CD9-6F4D-4BDC-BE22-A440A35E1AEB}.Debug|Any CPU.ActiveCfg = Debug|Any CPU
		{39634CD9-6F4D-4BDC-BE22-A440A35E1AEB}.Debug|Any CPU.Build.0 = Debug|Any CPU
		{39634CD9-6F4D-4BDC-BE22-A440A35E1AEB}.Release|Any CPU.ActiveCfg = Release|Any CPU
		{39634CD9-6F4D-4BDC-BE22-A440A35E1AEB}.Release|Any CPU.Build.0 = Release|Any CPU
		{1DAA5A9C-65BB-49C2-8F64-041DE5E87572}.Debug|Any CPU.ActiveCfg = Debug|Any CPU
		{1DAA5A9C-65BB-49C2-8F64-041DE5E87572}.Debug|Any CPU.Build.0 = Debug|Any CPU
		{1DAA5A9C-65BB-49C2-8F64-041DE5E87572}.Release|Any CPU.ActiveCfg = Release|Any CPU
		{1DAA5A9C-65BB-49C2-8F64-041DE5E87572}.Release|Any CPU.Build.0 = Release|Any CPU
	EndGlobalSection
	GlobalSection(SolutionProperties) = preSolution
		HideSolutionNode = FALSE
	EndGlobalSection
	GlobalSection(ExtensibilityGlobals) = postSolution
		SolutionGuid = {881178B9-F7A2-4F26-97B4-1956D5C7B2B1}
	EndGlobalSection
EndGlobal
